
Microsoft Visual Studio Solution File, Format Version 12.00
# Visual Studio Version 17
VisualStudioVersion = 17.5.33424.131
MinimumVisualStudioVersion = 10.0.40219.1
Project("{FAE04EC0-301F-11D3-BF4B-00C04F79EFBC}") = "Hejianxiang-1015AIILabApp", "Hejianxiang-1015AIILabApp\Hejianxiang-1015AIILabApp.csproj", "{12BE0CE2-2608-48CD-9D74-E5995DE89163}"
EndProject
Project("{FAE04EC0-301F-11D3-BF4B-00C04F79EFBC}") = "LabAss2", "LabAss2\LabAss2.csproj", "{E1F34DA6-EA2F-4AD7-8616-D90AF431A3A0}"
EndProject
Project("{FAE04EC0-301F-11D3-BF4B-00C04F79EFBC}") = "LabAss3", "LabAss3\LabAss3.csproj", "{32241CA6-0ED4-4C9C-ADA0-38E097930A5B}"
EndProject
Project("{FAE04EC0-301F-11D3-BF4B-00C04F79EFBC}") = "LabAss4", "LabAss4\LabAss4.csproj", "{85345EB7-2BA7-49DF-974F-F89A7A336CBA}"
EndProject
Project("{FAE04EC0-301F-11D3-BF4B-00C04F79EFBC}") = "LabAss5", "LabAss5\LabAss5.csproj", "{D3E51FBC-FA24-48F4-8195-7EB313958DA6}"
EndProject
Project("{FAE04EC0-301F-11D3-BF4B-00C04F79EFBC}") = "LabAss6", "LabAss6\LabAss6.csproj", "{4E8AE0A4-E8E9-45EC-9591-53B1249B099C}"
EndProject
Global
	GlobalSection(SolutionConfigurationPlatforms) = preSolution
		Debug|Any CPU = Debug|Any CPU
		Release|Any CPU = Release|Any CPU
	EndGlobalSection
	GlobalSection(ProjectConfigurationPlatforms) = postSolution
		{12BE0CE2-2608-48CD-9D74-E5995DE89163}.Debug|Any CPU.ActiveCfg = Debug|Any CPU
		{12BE0CE2-2608-48CD-9D74-E5995DE89163}.Debug|Any CPU.Build.0 = Debug|Any CPU
		{12BE0CE2-2608-48CD-9D74-E5995DE89163}.Release|Any CPU.ActiveCfg = Release|Any CPU
		{12BE0CE2-2608-48CD-9D74-E5995DE89163}.Release|Any CPU.Build.0 = Release|Any CPU
		{E1F34DA6-EA2F-4AD7-8616-D90AF431A3A0}.Debug|Any CPU.ActiveCfg = Debug|Any CPU
		{E1F34DA6-EA2F-4AD7-8616-D90AF431A3A0}.Debug|Any CPU.Build.0 = Debug|Any CPU
		{E1F34DA6-EA2F-4AD7-8616-D90AF431A3A0}.Release|Any CPU.ActiveCfg = Release|Any CPU
		{E1F34DA6-EA2F-4AD7-8616-D90AF431A3A0}.Release|Any CPU.Build.0 = Release|Any CPU
		{32241CA6-0ED4-4C9C-ADA0-38E097930A5B}.Debug|Any CPU.ActiveCfg = Debug|Any CPU
		{32241CA6-0ED4-4C9C-ADA0-38E097930A5B}.Debug|Any CPU.Build.0 = Debug|Any CPU
		{32241CA6-0ED4-4C9C-ADA0-38E097930A5B}.Release|Any CPU.ActiveCfg = Release|Any CPU
		{32241CA6-0ED4-4C9C-ADA0-38E097930A5B}.Release|Any CPU.Build.0 = Release|Any CPU
		{85345EB7-2BA7-49DF-974F-F89A7A336CBA}.Debug|Any CPU.ActiveCfg = Debug|Any CPU
		{85345EB7-2BA7-49DF-974F-F89A7A336CBA}.Debug|Any CPU.Build.0 = Debug|Any CPU
		{85345EB7-2BA7-49DF-974F-F89A7A336CBA}.Release|Any CPU.ActiveCfg = Release|Any CPU
		{85345EB7-2BA7-49DF-974F-F89A7A336CBA}.Release|Any CPU.Build.0 = Release|Any CPU
		{D3E51FBC-FA24-48F4-8195-7EB313958DA6}.Debug|Any CPU.ActiveCfg = Debug|Any CPU
		{D3E51FBC-FA24-48F4-8195-7EB313958DA6}.Debug|Any CPU.Build.0 = Debug|Any CPU
		{D3E51FBC-FA24-48F4-8195-7EB313958DA6}.Release|Any CPU.ActiveCfg = Release|Any CPU
		{D3E51FBC-FA24-48F4-8195-7EB313958DA6}.Release|Any CPU.Build.0 = Release|Any CPU
		{4E8AE0A4-E8E9-45EC-9591-53B1249B099C}.Debug|Any CPU.ActiveCfg = Debug|Any CPU
		{4E8AE0A4-E8E9-45EC-9591-53B1249B099C}.Debug|Any CPU.Build.0 = Debug|Any CPU
		{4E8AE0A4-E8E9-45EC-9591-53B1249B099C}.Release|Any CPU.ActiveCfg = Release|Any CPU
		{4E8AE0A4-E8E9-45EC-9591-53B1249B099C}.Release|Any CPU.Build.0 = Release|Any CPU
	EndGlobalSection
	GlobalSection(SolutionProperties) = preSolution
		HideSolutionNode = FALSE
	EndGlobalSection
	GlobalSection(ExtensibilityGlobals) = postSolution
		SolutionGuid = {2335698E-A51E-4A7A-9F69-D3054258E8A9}
	EndGlobalSection
EndGlobal
